# This file is autogenerated, do not edit; changes may be undone by the next 'dep ensure'.


[[projects]]
  name = "github.com/Luzifer/go-openssl"
  packages = ["."]
  revision = "47c7c822ac572bb334d1cd12189930a6cbae4f4b"
  version = "v1.1.0"

[[projects]]
  name = "github.com/Sirupsen/logrus"
  packages = ["."]
  revision = "418b41d23a1bf978c06faea5313ba194650ac088"
  version = "v0.8.7"

[[projects]]
  name = "github.com/aws/aws-sdk-go"
  packages = ["aws","aws/awserr","aws/awsutil","aws/corehandlers","aws/credentials","aws/credentials/ec2rolecreds","aws/defaults","aws/ec2metadata","aws/request","aws/service","aws/service/serviceinfo","internal/endpoints","internal/protocol/query","internal/protocol/query/queryutil","internal/protocol/rest","internal/protocol/xml/xmlutil","internal/signer/v4","service/iam","service/sts"]
  revision = "661aeb3339ad9bd5fd420752ebf18a651d40413e"
  version = "v0.9.10"

[[projects]]
  name = "github.com/bgentry/speakeasy"
  packages = ["."]
  revision = "36e9cfdd690967f4f690c6edcc9ffacd006014a0"

[[projects]]
  name = "github.com/cpuguy83/go-md2man"
  packages = ["md2man"]
  revision = "71acacd42f85e5e82f70a55327789582a5200a90"
  version = "v1.0.4"

[[projects]]
  name = "github.com/gorilla/context"
  packages = ["."]
  revision = "1c83b3eabd45b6d76072b66b746c20815fb2872d"

[[projects]]
  name = "github.com/gorilla/mux"
  packages = ["."]
  revision = "49c024275504f0341e5a9971eb7ba7fa3dc7af40"

[[projects]]
  name = "github.com/inconshreveable/mousetrap"
  packages = ["."]
  revision = "76626ae9c91c4f2a10f34cad8ce83ea42c93bb75"
  version = "v1.0"

[[projects]]
  name = "github.com/russross/blackfriday"
  packages = ["."]
  revision = "8cec3a854e68dba10faabbe31c089abf4a3e57a6"
  version = "v1.3"

[[projects]]
  name = "github.com/satori/go.uuid"
  packages = ["."]
  revision = "08f0718b61e95ddba0ade3346725fe0e4bf28ca6"

[[projects]]
  name = "github.com/shurcooL/sanitized_anchor_name"
  packages = ["."]
  revision = "244f5ac324cb97e1987ef901a0081a77bfd8e845"

[[projects]]
  name = "github.com/spf13/cobra"
  packages = ["."]
  revision = "d732ab3a34e6e9e6b5bdac80707c2b6bad852936"

[[projects]]
  name = "github.com/spf13/pflag"
  packages = ["."]
  revision = "b084184666e02084b8ccb9b704bf0d79c466eb1d"

[[projects]]
  branch = "master"
  name = "github.com/vaughan0/go-ini"
  packages = ["."]
  revision = "a98ad7ee00ec53921f08832bc06ecf7fd600e6a1"

[[projects]]
  name = "gopkg.in/yaml.v2"
  packages = ["."]
  revision = "53feefa2559fb8dfa8d81baad31be332c97d6c77"

[solve-meta]
  analyzer-name = "dep"
  analyzer-version = 1
  inputs-digest = "4f575df98543957773eb47eb40cfc2f1aef2e05ce4af3c68914ac7233cad7d8c"
  solver-name = "gps-cdcl"
  solver-version = 1
